
Microsoft Visual Studio Solution File, Format Version 12.00
# Visual Studio Version 17
VisualStudioVersion = 17.4.33110.190
MinimumVisualStudioVersion = 10.0.40219.1
Project("{FAE04EC0-301F-11D3-BF4B-00C04F79EFBC}") = "demo1", "demo1\demo1.csproj", "{1B6533BE-2180-4BE4-914A-948223BB7DAB}"
EndProject
Global
	GlobalSection(SolutionConfigurationPlatforms) = preSolution
		Debug|Any CPU = Debug|Any CPU
		Release|Any CPU = Release|Any CPU
	EndGlobalSection
	GlobalSection(ProjectConfigurationPlatforms) = postSolution
		{1B6533BE-2180-4BE4-914A-948223BB7DAB}.Debug|Any CPU.ActiveCfg = Debug|Any CPU
		{1B6533BE-2180-4BE4-914A-948223BB7DAB}.Debug|Any CPU.Build.0 = Debug|Any CPU
		{1B6533BE-2180-4BE4-914A-948223BB7DAB}.Release|Any CPU.ActiveCfg = Release|Any CPU
		{1B6533BE-2180-4BE4-914A-948223BB7DAB}.Release|Any CPU.Build.0 = Release|Any CPU
	EndGlobalSection
	GlobalSection(SolutionProperties) = preSolution
		HideSolutionNode = FALSE
	EndGlobalSection
	GlobalSection(ExtensibilityGlobals) = postSolution
		SolutionGuid = {BE152913-A0BD-467A-B37D-1D2CF9487A3C}
	EndGlobalSection
EndGlobal
